
Microsoft Visual Studio Solution File, Format Version 12.00
# Visual Studio Version 17
VisualStudioVersion = 17.0.32112.339
MinimumVisualStudioVersion = 10.0.40219.1
Project("{9A19103F-16F7-4668-BE54-9A1E7A4F7556}") = "CardStorageService", "CardStorageService\CardStorageService.csproj", "{BB25D0FC-955F-45F7-9E30-28B64B56A350}"
	ProjectSection(ProjectDependencies) = postProject
		{40003537-A2AE-47A7-B491-5C5B508D14C3} = {40003537-A2AE-47A7-B491-5C5B508D14C3}
	EndProjectSection
EndProject
Project("{9A19103F-16F7-4668-BE54-9A1E7A4F7556}") = "JwtSample", "JwtSample\JwtSample.csproj", "{8DACC8EA-5ECC-4AC5-A69A-3F2E7284B822}"
EndProject
Project("{9A19103F-16F7-4668-BE54-9A1E7A4F7556}") = "PasswordUtilsClient", "PasswordUtilsClient\PasswordUtilsClient.csproj", "{E7C8E784-764D-4F71-B45D-76876CD6219B}"
EndProject
Project("{9A19103F-16F7-4668-BE54-9A1E7A4F7556}") = "CardStorageService.Data", "CardStorageService.Data\CardStorageService.Data.csproj", "{40003537-A2AE-47A7-B491-5C5B508D14C3}"
EndProject
Project("{9A19103F-16F7-4668-BE54-9A1E7A4F7556}") = "Seminar.Core", "Seminar.Framework\ConsoleApp1\Seminar.Core.csproj", "{1661F0FF-BCA1-40FB-B4A2-AF76D7D647CB}"
EndProject
Project("{FAE04EC0-301F-11D3-BF4B-00C04F79EFBC}") = "Seminar.Framework", "Seminar.FrameWork\ConsoleApp2\Seminar.Framework.csproj", "{7DF35084-CD6A-48E6-8E77-53DF64FB76EC}"
EndProject
Project("{9A19103F-16F7-4668-BE54-9A1E7A4F7556}") = "Patterns", "Patterns\Patterns.csproj", "{01BB4110-D97E-4E07-90B1-D8DB26E6017D}"
EndProject
Project("{9A19103F-16F7-4668-BE54-9A1E7A4F7556}") = "CardStorageClient", "CardStorageClient\CardStorageClient.csproj", "{AA5E644B-178B-4E07-9BA5-BF6FFFAF8C51}"
EndProject
Project("{FAE04EC0-301F-11D3-BF4B-00C04F79EFBC}") = "FullSearchSampless", "FullSearchSampless\FullSearchSampless.csproj", "{08FE96BF-08B5-4DE8-A921-6EBF59CB8644}"
EndProject
Project("{FAE04EC0-301F-11D3-BF4B-00C04F79EFBC}") = "FullSearchSample", "FullSearchSample\FullSearchSample.csproj", "{A809DF03-5DF6-43C3-804A-11BDA14FFAF1}"
EndProject
Global
	GlobalSection(SolutionConfigurationPlatforms) = preSolution
		Debug|Any CPU = Debug|Any CPU
		Release|Any CPU = Release|Any CPU
	EndGlobalSection
	GlobalSection(ProjectConfigurationPlatforms) = postSolution
		{BB25D0FC-955F-45F7-9E30-28B64B56A350}.Debug|Any CPU.ActiveCfg = Debug|Any CPU
		{BB25D0FC-955F-45F7-9E30-28B64B56A350}.Debug|Any CPU.Build.0 = Debug|Any CPU
		{BB25D0FC-955F-45F7-9E30-28B64B56A350}.Release|Any CPU.ActiveCfg = Release|Any CPU
		{BB25D0FC-955F-45F7-9E30-28B64B56A350}.Release|Any CPU.Build.0 = Release|Any CPU
		{8DACC8EA-5ECC-4AC5-A69A-3F2E7284B822}.Debug|Any CPU.ActiveCfg = Debug|Any CPU
		{8DACC8EA-5ECC-4AC5-A69A-3F2E7284B822}.Debug|Any CPU.Build.0 = Debug|Any CPU
		{8DACC8EA-5ECC-4AC5-A69A-3F2E7284B822}.Release|Any CPU.ActiveCfg = Release|Any CPU
		{8DACC8EA-5ECC-4AC5-A69A-3F2E7284B822}.Release|Any CPU.Build.0 = Release|Any CPU
		{E7C8E784-764D-4F71-B45D-76876CD6219B}.Debug|Any CPU.ActiveCfg = Debug|Any CPU
		{E7C8E784-764D-4F71-B45D-76876CD6219B}.Debug|Any CPU.Build.0 = Debug|Any CPU
		{E7C8E784-764D-4F71-B45D-76876CD6219B}.Release|Any CPU.ActiveCfg = Release|Any CPU
		{E7C8E784-764D-4F71-B45D-76876CD6219B}.Release|Any CPU.Build.0 = Release|Any CPU
		{40003537-A2AE-47A7-B491-5C5B508D14C3}.Debug|Any CPU.ActiveCfg = Debug|Any CPU
		{40003537-A2AE-47A7-B491-5C5B508D14C3}.Debug|Any CPU.Build.0 = Debug|Any CPU
		{40003537-A2AE-47A7-B491-5C5B508D14C3}.Release|Any CPU.ActiveCfg = Release|Any CPU
		{40003537-A2AE-47A7-B491-5C5B508D14C3}.Release|Any CPU.Build.0 = Release|Any CPU
		{1661F0FF-BCA1-40FB-B4A2-AF76D7D647CB}.Debug|Any CPU.ActiveCfg = Debug|Any CPU
		{1661F0FF-BCA1-40FB-B4A2-AF76D7D647CB}.Debug|Any CPU.Build.0 = Debug|Any CPU
		{1661F0FF-BCA1-40FB-B4A2-AF76D7D647CB}.Release|Any CPU.ActiveCfg = Release|Any CPU
		{1661F0FF-BCA1-40FB-B4A2-AF76D7D647CB}.Release|Any CPU.Build.0 = Release|Any CPU
		{7DF35084-CD6A-48E6-8E77-53DF64FB76EC}.Debug|Any CPU.ActiveCfg = Debug|Any CPU
		{7DF35084-CD6A-48E6-8E77-53DF64FB76EC}.Debug|Any CPU.Build.0 = Debug|Any CPU
		{7DF35084-CD6A-48E6-8E77-53DF64FB76EC}.Release|Any CPU.ActiveCfg = Release|Any CPU
		{7DF35084-CD6A-48E6-8E77-53DF64FB76EC}.Release|Any CPU.Build.0 = Release|Any CPU
		{01BB4110-D97E-4E07-90B1-D8DB26E6017D}.Debug|Any CPU.ActiveCfg = Debug|Any CPU
		{01BB4110-D97E-4E07-90B1-D8DB26E6017D}.Debug|Any CPU.Build.0 = Debug|Any CPU
		{01BB4110-D97E-4E07-90B1-D8DB26E6017D}.Release|Any CPU.ActiveCfg = Release|Any CPU
		{01BB4110-D97E-4E07-90B1-D8DB26E6017D}.Release|Any CPU.Build.0 = Release|Any CPU
		{AA5E644B-178B-4E07-9BA5-BF6FFFAF8C51}.Debug|Any CPU.ActiveCfg = Debug|Any CPU
		{AA5E644B-178B-4E07-9BA5-BF6FFFAF8C51}.Debug|Any CPU.Build.0 = Debug|Any CPU
		{AA5E644B-178B-4E07-9BA5-BF6FFFAF8C51}.Release|Any CPU.ActiveCfg = Release|Any CPU
		{AA5E644B-178B-4E07-9BA5-BF6FFFAF8C51}.Release|Any CPU.Build.0 = Release|Any CPU
		{08FE96BF-08B5-4DE8-A921-6EBF59CB8644}.Debug|Any CPU.ActiveCfg = Debug|Any CPU
		{08FE96BF-08B5-4DE8-A921-6EBF59CB8644}.Debug|Any CPU.Build.0 = Debug|Any CPU
		{08FE96BF-08B5-4DE8-A921-6EBF59CB8644}.Release|Any CPU.ActiveCfg = Release|Any CPU
		{08FE96BF-08B5-4DE8-A921-6EBF59CB8644}.Release|Any CPU.Build.0 = Release|Any CPU
		{A809DF03-5DF6-43C3-804A-11BDA14FFAF1}.Debug|Any CPU.ActiveCfg = Debug|Any CPU
		{A809DF03-5DF6-43C3-804A-11BDA14FFAF1}.Debug|Any CPU.Build.0 = Debug|Any CPU
		{A809DF03-5DF6-43C3-804A-11BDA14FFAF1}.Release|Any CPU.ActiveCfg = Release|Any CPU
		{A809DF03-5DF6-43C3-804A-11BDA14FFAF1}.Release|Any CPU.Build.0 = Release|Any CPU
	EndGlobalSection
	GlobalSection(SolutionProperties) = preSolution
		HideSolutionNode = FALSE
	EndGlobalSection
	GlobalSection(ExtensibilityGlobals) = postSolution
		SolutionGuid = {F073B6D0-8636-4DE2-8C17-3DE2712EF446}
	EndGlobalSection
EndGlobal
